
Microsoft Visual Studio Solution File, Format Version 12.00
# Visual Studio Version 17
VisualStudioVersion = 17.6.33801.468
MinimumVisualStudioVersion = 10.0.40219.1
Project("{9A19103F-16F7-4668-BE54-9A1E7A4F7556}") = "mvdmio.CodebaseAnalysis", "src\mvdmio.CodebaseAnalysis\mvdmio.CodebaseAnalysis.csproj", "{F67C8064-6F48-4055-A041-03797CA43E7C}"
EndProject
Project("{2150E333-8FDC-42A3-9474-1A3956D46DE8}") = "tests", "tests", "{CCDA987D-1A34-4D87-9EEC-4DC665200F9F}"
EndProject
Project("{9A19103F-16F7-4668-BE54-9A1E7A4F7556}") = "mvdmio.CodebaseAnalysis.Tests", "tests\mvdmio.CodebaseAnalysis.Tests\mvdmio.CodebaseAnalysis.Tests.csproj", "{CF324E39-BE84-4818-AF9C-52C66BF53F8C}"
EndProject
Project("{FAE04EC0-301F-11D3-BF4B-00C04F79EFBC}") = "mvdmio.CodebaseAnalysis.CLI", "src\mvdmio.CodebaseAnalysis.CLI\mvdmio.CodebaseAnalysis.CLI.csproj", "{6464135B-27FC-4E74-BA83-F3EA518DD0C9}"
EndProject
Global
	GlobalSection(SolutionConfigurationPlatforms) = preSolution
		Debug|Any CPU = Debug|Any CPU
		Release|Any CPU = Release|Any CPU
	EndGlobalSection
	GlobalSection(ProjectConfigurationPlatforms) = postSolution
		{F67C8064-6F48-4055-A041-03797CA43E7C}.Debug|Any CPU.ActiveCfg = Debug|Any CPU
		{F67C8064-6F48-4055-A041-03797CA43E7C}.Debug|Any CPU.Build.0 = Debug|Any CPU
		{F67C8064-6F48-4055-A041-03797CA43E7C}.Release|Any CPU.ActiveCfg = Release|Any CPU
		{F67C8064-6F48-4055-A041-03797CA43E7C}.Release|Any CPU.Build.0 = Release|Any CPU
		{CF324E39-BE84-4818-AF9C-52C66BF53F8C}.Debug|Any CPU.ActiveCfg = Debug|Any CPU
		{CF324E39-BE84-4818-AF9C-52C66BF53F8C}.Debug|Any CPU.Build.0 = Debug|Any CPU
		{CF324E39-BE84-4818-AF9C-52C66BF53F8C}.Release|Any CPU.ActiveCfg = Release|Any CPU
		{CF324E39-BE84-4818-AF9C-52C66BF53F8C}.Release|Any CPU.Build.0 = Release|Any CPU
		{6464135B-27FC-4E74-BA83-F3EA518DD0C9}.Debug|Any CPU.ActiveCfg = Debug|Any CPU
		{6464135B-27FC-4E74-BA83-F3EA518DD0C9}.Debug|Any CPU.Build.0 = Debug|Any CPU
		{6464135B-27FC-4E74-BA83-F3EA518DD0C9}.Release|Any CPU.ActiveCfg = Release|Any CPU
		{6464135B-27FC-4E74-BA83-F3EA518DD0C9}.Release|Any CPU.Build.0 = Release|Any CPU
	EndGlobalSection
	GlobalSection(SolutionProperties) = preSolution
		HideSolutionNode = FALSE
	EndGlobalSection
	GlobalSection(NestedProjects) = preSolution
		{CF324E39-BE84-4818-AF9C-52C66BF53F8C} = {CCDA987D-1A34-4D87-9EEC-4DC665200F9F}
	EndGlobalSection
	GlobalSection(ExtensibilityGlobals) = postSolution
		SolutionGuid = {32E8BB74-08A2-41A5-9768-5CFC4BA276A1}
	EndGlobalSection
EndGlobal
